<?xml version="1.0" encoding="utf-8"?>
<Project ToolsVersion="4.0" xmlns="http://schemas.microsoft.com/developer/msbuild/2003">
  <ItemGroup>
    <ClCompile Include="main.c" />
    <ClCompile Include="Application\APP.c" />
    <ClCompile Include="Card\Card.c" />
    <ClCompile Include="Terminal\Terminal.c" />
    <ClCompile Include="Server\Server.c" />
  </ItemGroup>
  <ItemGroup>
    <ClInclude Include="Application\APP.h" />
    <ClInclude Include="Card\Card.h" />
    <ClInclude Include="Terminal\Terminal.h" />
    <ClInclude Include="Server\Server.h" />
  </ItemGroup>
</Project>